// !$*UTF8*$!
{
	archiveVersion = 1;
	classes = {
	};
	objectVersion = 56;
	objects = {

/* Begin PBXBuildFile section */
		32939FD22A30F61600D3FC5D /* AppDelegate.swift in Sources */ = {isa = PBXBuildFile; fileRef = 32939FD12A30F61600D3FC5D /* AppDelegate.swift */; };
		32939FD42A30F61600D3FC5D /* SceneDelegate.swift in Sources */ = {isa = PBXBuildFile; fileRef = 32939FD32A30F61600D3FC5D /* SceneDelegate.swift */; };
		32939FD62A30F61600D3FC5D /* ViewController.swift in Sources */ = {isa = PBXBuildFile; fileRef = 32939FD52A30F61600D3FC5D /* ViewController.swift */; };
		32939FD92A30F61600D3FC5D /* Main.storyboard in Resources */ = {isa = PBXBuildFile; fileRef = 32939FD72A30F61600D3FC5D /* Main.storyboard */; };
		32939FDB2A30F61700D3FC5D /* Assets.xcassets in Resources */ = {isa = PBXBuildFile; fileRef = 32939FDA2A30F61700D3FC5D /* Assets.xcassets */; };
		32939FDE2A30F61700D3FC5D /* LaunchScreen.storyboard in Resources */ = {isa = PBXBuildFile; fileRef = 32939FDC2A30F61700D3FC5D /* LaunchScreen.storyboard */; };
		32939FE92A30F61700D3FC5D /* project_one_UIKitTests.swift in Sources */ = {isa = PBXBuildFile; fileRef = 32939FE82A30F61700D3FC5D /* project_one_UIKitTests.swift */; };
		32939FF32A30F61700D3FC5D /* project_one_UIKitUITests.swift in Sources */ = {isa = PBXBuildFile; fileRef = 32939FF22A30F61700D3FC5D /* project_one_UIKitUITests.swift */; };
		32939FF52A30F61700D3FC5D /* project_one_UIKitUITestsLaunchTests.swift in Sources */ = {isa = PBXBuildFile; fileRef = 32939FF42A30F61700D3FC5D /* project_one_UIKitUITestsLaunchTests.swift */; };
/* End PBXBuildFile section */

/* Begin PBXContainerItemProxy section */
		32939FE52A30F61700D3FC5D /* PBXContainerItemProxy */ = {
			isa = PBXContainerItemProxy;
			containerPortal = 32939FC62A30F61600D3FC5D /* Project object */;
			proxyType = 1;
			remoteGlobalIDString = 32939FCD2A30F61600D3FC5D;
			remoteInfo = "project one UIKit";
		};
		32939FEF2A30F61700D3FC5D /* PBXContainerItemProxy */ = {
			isa = PBXContainerItemProxy;
			containerPortal = 32939FC62A30F61600D3FC5D /* Project object */;
			proxyType = 1;
			remoteGlobalIDString = 32939FCD2A30F61600D3FC5D;
			remoteInfo = "project one UIKit";
		};
/* End PBXContainerItemProxy section */

/* Begin PBXFileReference section */
		32939FCE2A30F61600D3FC5D /* project one UIKit.app */ = {isa = PBXFileReference; explicitFileType = wrapper.application; includeInIndex = 0; path = "project one UIKit.app"; sourceTree = BUILT_PRODUCTS_DIR; };
		32939FD12A30F61600D3FC5D /* AppDelegate.swift */ = {isa = PBXFileReference; lastKnownFileType = sourcecode.swift; path = AppDelegate.swift; sourceTree = "<group>"; };
		32939FD32A30F61600D3FC5D /* SceneDelegate.swift */ = {isa = PBXFileReference; lastKnownFileType = sourcecode.swift; path = SceneDelegate.swift; sourceTree = "<group>"; };
		32939FD52A30F61600D3FC5D /* ViewController.swift */ = {isa = PBXFileReference; lastKnownFileType = sourcecode.swift; path = ViewController.swift; sourceTree = "<group>"; };
		32939FD82A30F61600D3FC5D /* Base */ = {isa = PBXFileReference; lastKnownFileType = file.storyboard; name = Base; path = Base.lproj/Main.storyboard; sourceTree = "<group>"; };
		32939FDA2A30F61700D3FC5D /* Assets.xcassets */ = {isa = PBXFileReference; lastKnownFileType = folder.assetcatalog; path = Assets.xcassets; sourceTree = "<group>"; };
		32939FDD2A30F61700D3FC5D /* Base */ = {isa = PBXFileReference; lastKnownFileType = file.storyboard; name = Base; path = Base.lproj/LaunchScreen.storyboard; sourceTree = "<group>"; };
		32939FDF2A30F61700D3FC5D /* Info.plist */ = {isa = PBXFileReference; lastKnownFileType = text.plist.xml; path = Info.plist; sourceTree = "<group>"; };
		32939FE42A30F61700D3FC5D /* project one UIKitTests.xctest */ = {isa = PBXFileReference; explicitFileType = wrapper.cfbundle; includeInIndex = 0; path = "project one UIKitTests.xctest"; sourceTree = BUILT_PRODUCTS_DIR; };
		32939FE82A30F61700D3FC5D /* project_one_UIKitTests.swift */ = {isa = PBXFileReference; lastKnownFileType = sourcecode.swift; path = project_one_UIKitTests.swift; sourceTree = "<group>"; };
		32939FEE2A30F61700D3FC5D /* project one UIKitUITests.xctest */ = {isa = PBXFileReference; explicitFileType = wrapper.cfbundle; includeInIndex = 0; path = "project one UIKitUITests.xctest"; sourceTree = BUILT_PRODUCTS_DIR; };
		32939FF22A30F61700D3FC5D /* project_one_UIKitUITests.swift */ = {isa = PBXFileReference; lastKnownFileType = sourcecode.swift; path = project_one_UIKitUITests.swift; sourceTree = "<group>"; };
		32939FF42A30F61700D3FC5D /* project_one_UIKitUITestsLaunchTests.swift */ = {isa = PBXFileReference; lastKnownFileType = sourcecode.swift; path = project_one_UIKitUITestsLaunchTests.swift; sourceTree = "<group>"; };
/* End PBXFileReference section */

/* Begin PBXFrameworksBuildPhase section */
		32939FCB2A30F61600D3FC5D /* Frameworks */ = {
			isa = PBXFrameworksBuildPhase;
			buildActionMask = 2147483647;
			files = (
			);
			runOnlyForDeploymentPostprocessing = 0;
		};
		32939FE12A30F61700D3FC5D /* Frameworks */ = {
			isa = PBXFrameworksBuildPhase;
			buildActionMask = 2147483647;
			files = (
			);
			runOnlyForDeploymentPostprocessing = 0;
		};
		32939FEB2A30F61700D3FC5D /* Frameworks */ = {
			isa = PBXFrameworksBuildPhase;
			buildActionMask = 2147483647;
			files = (
			);
			runOnlyForDeploymentPostprocessing = 0;
		};
/* End PBXFrameworksBuildPhase section */

/* Begin PBXGroup section */
		32939FC52A30F61600D3FC5D = {
			isa = PBXGroup;
			children = (
				32939FD02A30F61600D3FC5D /* project one UIKit */,
				32939FE72A30F61700D3FC5D /* project one UIKitTests */,
				32939FF12A30F61700D3FC5D /* project one UIKitUITests */,
				32939FCF2A30F61600D3FC5D /* Products */,
			);
			sourceTree = "<group>";
		};
		32939FCF2A30F61600D3FC5D /* Products */ = {
			isa = PBXGroup;
			children = (
				32939FCE2A30F61600D3FC5D /* project one UIKit.app */,
				32939FE42A30F61700D3FC5D /* project one UIKitTests.xctest */,
				32939FEE2A30F61700D3FC5D /* project one UIKitUITests.xctest */,
			);
			name = Products;
			sourceTree = "<group>";
		};
		32939FD02A30F61600D3FC5D /* project one UIKit */ = {
			isa = PBXGroup;
			children = (
				32939FD12A30F61600D3FC5D /* AppDelegate.swift */,
				32939FD32A30F61600D3FC5D /* SceneDelegate.swift */,
				32939FD52A30F61600D3FC5D /* ViewController.swift */,
				32939FD72A30F61600D3FC5D /* Main.storyboard */,
				32939FDA2A30F61700D3FC5D /* Assets.xcassets */,
				32939FDC2A30F61700D3FC5D /* LaunchScreen.storyboard */,
				32939FDF2A30F61700D3FC5D /* Info.plist */,
			);
			path = "project one UIKit";
			sourceTree = "<group>";
		};
		32939FE72A30F61700D3FC5D /* project one UIKitTests */ = {
			isa = PBXGroup;
			children = (
				32939FE82A30F61700D3FC5D /* project_one_UIKitTests.swift */,
			);
			path = "project one UIKitTests";
			sourceTree = "<group>";
		};
		32939FF12A30F61700D3FC5D /* project one UIKitUITests */ = {
			isa = PBXGroup;
			children = (
				32939FF22A30F61700D3FC5D /* project_one_UIKitUITests.swift */,
				32939FF42A30F61700D3FC5D /* project_one_UIKitUITestsLaunchTests.swift */,
			);
			path = "project one UIKitUITests";
			sourceTree = "<group>";
		};
/* End PBXGroup section */

/* Begin PBXNativeTarget section */
		32939FCD2A30F61600D3FC5D /* project one UIKit */ = {
			isa = PBXNativeTarget;
			buildConfigurationList = 32939FF82A30F61700D3FC5D /* Build configuration list for PBXNativeTarget "project one UIKit" */;
			buildPhases = (
				32939FCA2A30F61600D3FC5D /* Sources */,
				32939FCB2A30F61600D3FC5D /* Frameworks */,
				32939FCC2A30F61600D3FC5D /* Resources */,
			);
			buildRules = (
			);
			dependencies = (
			);
			name = "project one UIKit";
			productName = "project one UIKit";
			productReference = 32939FCE2A30F61600D3FC5D /* project one UIKit.app */;
			productType = "com.apple.product-type.application";
		};
		32939FE32A30F61700D3FC5D /* project one UIKitTests */ = {
			isa = PBXNativeTarget;
			buildConfigurationList = 32939FFB2A30F61700D3FC5D /* Build configuration list for PBXNativeTarget "project one UIKitTests" */;
			buildPhases = (
				32939FE02A30F61700D3FC5D /* Sources */,
				32939FE12A30F61700D3FC5D /* Frameworks */,
				32939FE22A30F61700D3FC5D /* Resources */,
			);
			buildRules = (
			);
			dependencies = (
				32939FE62A30F61700D3FC5D /* PBXTargetDependency */,
			);
			name = "project one UIKitTests";
			productName = "project one UIKitTests";
			productReference = 32939FE42A30F61700D3FC5D /* project one UIKitTests.xctest */;
			productType = "com.apple.product-type.bundle.unit-test";
		};
		32939FED2A30F61700D3FC5D /* project one UIKitUITests */ = {
			isa = PBXNativeTarget;
			buildConfigurationList = 32939FFE2A30F61700D3FC5D /* Build configuration list for PBXNativeTarget "project one UIKitUITests" */;
			buildPhases = (
				32939FEA2A30F61700D3FC5D /* Sources */,
				32939FEB2A30F61700D3FC5D /* Frameworks */,
				32939FEC2A30F61700D3FC5D /* Resources */,
			);
			buildRules = (
			);
			dependencies = (
				32939FF02A30F61700D3FC5D /* PBXTargetDependency */,
			);
			name = "project one UIKitUITests";
			productName = "project one UIKitUITests";
			productReference = 32939FEE2A30F61700D3FC5D /* project one UIKitUITests.xctest */;
			productType = "com.apple.product-type.bundle.ui-testing";
		};
/* End PBXNativeTarget section */

/* Begin PBXProject section */
		32939FC62A30F61600D3FC5D /* Project object */ = {
			isa = PBXProject;
			attributes = {
				BuildIndependentTargetsInParallel = 1;
				LastSwiftUpdateCheck = 1430;
				LastUpgradeCheck = 1430;
				TargetAttributes = {
					32939FCD2A30F61600D3FC5D = {
						CreatedOnToolsVersion = 14.3.1;
					};
					32939FE32A30F61700D3FC5D = {
						CreatedOnToolsVersion = 14.3.1;
						TestTargetID = 32939FCD2A30F61600D3FC5D;
					};
					32939FED2A30F61700D3FC5D = {
						CreatedOnToolsVersion = 14.3.1;
						TestTargetID = 32939FCD2A30F61600D3FC5D;
					};
				};
			};
			buildConfigurationList = 32939FC92A30F61600D3FC5D /* Build configuration list for PBXProject "project one UIKit" */;
			compatibilityVersion = "Xcode 14.0";
			developmentRegion = en;
			hasScannedForEncodings = 0;
			knownRegions = (
				en,
				Base,
			);
			mainGroup = 32939FC52A30F61600D3FC5D;
			productRefGroup = 32939FCF2A30F61600D3FC5D /* Products */;
			projectDirPath = "";
			projectRoot = "";
			targets = (
				32939FCD2A30F61600D3FC5D /* project one UIKit */,
				32939FE32A30F61700D3FC5D /* project one UIKitTests */,
				32939FED2A30F61700D3FC5D /* project one UIKitUITests */,
			);
		};
/* End PBXProject section */

/* Begin PBXResourcesBuildPhase section */
		32939FCC2A30F61600D3FC5D /* Resources */ = {
			isa = PBXResourcesBuildPhase;
			buildActionMask = 2147483647;
			files = (
				32939FDE2A30F61700D3FC5D /* LaunchScreen.storyboard in Resources */,
				32939FDB2A30F61700D3FC5D /* Assets.xcassets in Resources */,
				32939FD92A30F61600D3FC5D /* Main.storyboard in Resources */,
			);
			runOnlyForDeploymentPostprocessing = 0;
		};
		32939FE22A30F61700D3FC5D /* Resources */ = {
			isa = PBXResourcesBuildPhase;
			buildActionMask = 2147483647;
			files = (
			);
			runOnlyForDeploymentPostprocessing = 0;
		};
		32939FEC2A30F61700D3FC5D /* Resources */ = {
			isa = PBXResourcesBuildPhase;
			buildActionMask = 2147483647;
			files = (
			);
			runOnlyForDeploymentPostprocessing = 0;
		};
/* End PBXResourcesBuildPhase section */

/* Begin PBXSourcesBuildPhase section */
		32939FCA2A30F61600D3FC5D /* Sources */ = {
			isa = PBXSourcesBuildPhase;
			buildActionMask = 2147483647;
			files = (
				32939FD62A30F61600D3FC5D /* ViewController.swift in Sources */,
				32939FD22A30F61600D3FC5D /* AppDelegate.swift in Sources */,
				32939FD42A30F61600D3FC5D /* SceneDelegate.swift in Sources */,
			);
			runOnlyForDeploymentPostprocessing = 0;
		};
		32939FE02A30F61700D3FC5D /* Sources */ = {
			isa = PBXSourcesBuildPhase;
			buildActionMask = 2147483647;
			files = (
				32939FE92A30F61700D3FC5D /* project_one_UIKitTests.swift in Sources */,
			);
			runOnlyForDeploymentPostprocessing = 0;
		};
		32939FEA2A30F61700D3FC5D /* Sources */ = {
			isa = PBXSourcesBuildPhase;
			buildActionMask = 2147483647;
			files = (
				32939FF52A30F61700D3FC5D /* project_one_UIKitUITestsLaunchTests.swift in Sources */,
				32939FF32A30F61700D3FC5D /* project_one_UIKitUITests.swift in Sources */,
			);
			runOnlyForDeploymentPostprocessing = 0;
		};
/* End PBXSourcesBuildPhase section */

/* Begin PBXTargetDependency section */
		32939FE62A30F61700D3FC5D /* PBXTargetDependency */ = {
			isa = PBXTargetDependency;
			target = 32939FCD2A30F61600D3FC5D /* project one UIKit */;
			targetProxy = 32939FE52A30F61700D3FC5D /* PBXContainerItemProxy */;
		};
		32939FF02A30F61700D3FC5D /* PBXTargetDependency */ = {
			isa = PBXTargetDependency;
			target = 32939FCD2A30F61600D3FC5D /* project one UIKit */;
			targetProxy = 32939FEF2A30F61700D3FC5D /* PBXContainerItemProxy */;
		};
/* End PBXTargetDependency section */

/* Begin PBXVariantGroup section */
		32939FD72A30F61600D3FC5D /* Main.storyboard */ = {
			isa = PBXVariantGroup;
			children = (
				32939FD82A30F61600D3FC5D /* Base */,
			);
			name = Main.storyboard;
			sourceTree = "<group>";
		};
		32939FDC2A30F61700D3FC5D /* LaunchScreen.storyboard */ = {
			isa = PBXVariantGroup;
			children = (
				32939FDD2A30F61700D3FC5D /* Base */,
			);
			name = LaunchScreen.storyboard;
			sourceTree = "<group>";
		};
/* End PBXVariantGroup section */

/* Begin XCBuildConfiguration section */
		32939FF62A30F61700D3FC5D /* Debug */ = {
			isa = XCBuildConfiguration;
			buildSettings = {
				ALWAYS_SEARCH_USER_PATHS = NO;
				CLANG_ANALYZER_NONNULL = YES;
				CLANG_ANALYZER_NUMBER_OBJECT_CONVERSION = YES_AGGRESSIVE;
				CLANG_CXX_LANGUAGE_STANDARD = "gnu++20";
				CLANG_ENABLE_MODULES = YES;
				CLANG_ENABLE_OBJC_ARC = YES;
				CLANG_ENABLE_OBJC_WEAK = YES;
				CLANG_WARN_BLOCK_CAPTURE_AUTORELEASING = YES;
				CLANG_WARN_BOOL_CONVERSION = YES;
				CLANG_WARN_COMMA = YES;
				CLANG_WARN_CONSTANT_CONVERSION = YES;
				CLANG_WARN_DEPRECATED_OBJC_IMPLEMENTATIONS = YES;
				CLANG_WARN_DIRECT_OBJC_ISA_USAGE = YES_ERROR;
				CLANG_WARN_DOCUMENTATION_COMMENTS = YES;
				CLANG_WARN_EMPTY_BODY = YES;
				CLANG_WARN_ENUM_CONVERSION = YES;
				CLANG_WARN_INFINITE_RECURSION = YES;
				CLANG_WARN_INT_CONVERSION = YES;
				CLANG_WARN_NON_LITERAL_NULL_CONVERSION = YES;
				CLANG_WARN_OBJC_IMPLICIT_RETAIN_SELF = YES;
				CLANG_WARN_OBJC_LITERAL_CONVERSION = YES;
				CLANG_WARN_OBJC_ROOT_CLASS = YES_ERROR;
				CLANG_WARN_QUOTED_INCLUDE_IN_FRAMEWORK_HEADER = YES;
				CLANG_WARN_RANGE_LOOP_ANALYSIS = YES;
				CLANG_WARN_STRICT_PROTOTYPES = YES;
				CLANG_WARN_SUSPICIOUS_MOVE = YES;
				CLANG_WARN_UNGUARDED_AVAILABILITY = YES_AGGRESSIVE;
				CLANG_WARN_UNREACHABLE_CODE = YES;
				CLANG_WARN__DUPLICATE_METHOD_MATCH = YES;
				COPY_PHASE_STRIP = NO;
				DEBUG_INFORMATION_FORMAT = dwarf;
				ENABLE_STRICT_OBJC_MSGSEND = YES;
				ENABLE_TESTABILITY = YES;
				GCC_C_LANGUAGE_STANDARD = gnu11;
				GCC_DYNAMIC_NO_PIC = NO;
				GCC_NO_COMMON_BLOCKS = YES;
				GCC_OPTIMIZATION_LEVEL = 0;
				GCC_PREPROCESSOR_DEFINITIONS = (
					"DEBUG=1",
					"$(inherited)",
				);
				GCC_WARN_64_TO_32_BIT_CONVERSION = YES;
				GCC_WARN_ABOUT_RETURN_TYPE = YES_ERROR;
				GCC_WARN_UNDECLARED_SELECTOR = YES;
				GCC_WARN_UNINITIALIZED_AUTOS = YES_AGGRESSIVE;
				GCC_WARN_UNUSED_FUNCTION = YES;
				GCC_WARN_UNUSED_VARIABLE = YES;
				IPHONEOS_DEPLOYMENT_TARGET = 16.4;
				MTL_ENABLE_DEBUG_INFO = INCLUDE_SOURCE;
				MTL_FAST_MATH = YES;
				ONLY_ACTIVE_ARCH = YES;
				SDKROOT = iphoneos;
				SWIFT_ACTIVE_COMPILATION_CONDITIONS = DEBUG;
				SWIFT_OPTIMIZATION_LEVEL = "-Onone";
			};
			name = Debug;
		};
		32939FF72A30F61700D3FC5D /* Release */ = {
			isa = XCBuildConfiguration;
			buildSettings = {
				ALWAYS_SEARCH_USER_PATHS = NO;
				CLANG_ANALYZER_NONNULL = YES;
				CLANG_ANALYZER_NUMBER_OBJECT_CONVERSION = YES_AGGRESSIVE;
				CLANG_CXX_LANGUAGE_STANDARD = "gnu++20";
				CLANG_ENABLE_MODULES = YES;
				CLANG_ENABLE_OBJC_ARC = YES;
				CLANG_ENABLE_OBJC_WEAK = YES;
				CLANG_WARN_BLOCK_CAPTURE_AUTORELEASING = YES;
				CLANG_WARN_BOOL_CONVERSION = YES;
				CLANG_WARN_COMMA = YES;
				CLANG_WARN_CONSTANT_CONVERSION = YES;
				CLANG_WARN_DEPRECATED_OBJC_IMPLEMENTATIONS = YES;
				CLANG_WARN_DIRECT_OBJC_ISA_USAGE = YES_ERROR;
				CLANG_WARN_DOCUMENTATION_COMMENTS = YES;
				CLANG_WARN_EMPTY_BODY = YES;
				CLANG_WARN_ENUM_CONVERSION = YES;
				CLANG_WARN_INFINITE_RECURSION = YES;
				CLANG_WARN_INT_CONVERSION = YES;
				CLANG_WARN_NON_LITERAL_NULL_CONVERSION = YES;
				CLANG_WARN_OBJC_IMPLICIT_RETAIN_SELF = YES;
				CLANG_WARN_OBJC_LITERAL_CONVERSION = YES;
				CLANG_WARN_OBJC_ROOT_CLASS = YES_ERROR;
				CLANG_WARN_QUOTED_INCLUDE_IN_FRAMEWORK_HEADER = YES;
				CLANG_WARN_RANGE_LOOP_ANALYSIS = YES;
				CLANG_WARN_STRICT_PROTOTYPES = YES;
				CLANG_WARN_SUSPICIOUS_MOVE = YES;
				CLANG_WARN_UNGUARDED_AVAILABILITY = YES_AGGRESSIVE;
				CLANG_WARN_UNREACHABLE_CODE = YES;
				CLANG_WARN__DUPLICATE_METHOD_MATCH = YES;
				COPY_PHASE_STRIP = NO;
				DEBUG_INFORMATION_FORMAT = "dwarf-with-dsym";
				ENABLE_NS_ASSERTIONS = NO;
				ENABLE_STRICT_OBJC_MSGSEND = YES;
				GCC_C_LANGUAGE_STANDARD = gnu11;
				GCC_NO_COMMON_BLOCKS = YES;
				GCC_WARN_64_TO_32_BIT_CONVERSION = YES;
				GCC_WARN_ABOUT_RETURN_TYPE = YES_ERROR;
				GCC_WARN_UNDECLARED_SELECTOR = YES;
				GCC_WARN_UNINITIALIZED_AUTOS = YES_AGGRESSIVE;
				GCC_WARN_UNUSED_FUNCTION = YES;
				GCC_WARN_UNUSED_VARIABLE = YES;
				IPHONEOS_DEPLOYMENT_TARGET = 16.4;
				MTL_ENABLE_DEBUG_INFO = NO;
				MTL_FAST_MATH = YES;
				SDKROOT = iphoneos;
				SWIFT_COMPILATION_MODE = wholemodule;
				SWIFT_OPTIMIZATION_LEVEL = "-O";
				VALIDATE_PRODUCT = YES;
			};
			name = Release;
		};
		32939FF92A30F61700D3FC5D /* Debug */ = {
			isa = XCBuildConfiguration;
			buildSettings = {
				ASSETCATALOG_COMPILER_APPICON_NAME = AppIcon;
				ASSETCATALOG_COMPILER_GLOBAL_ACCENT_COLOR_NAME = AccentColor;
				CODE_SIGN_STYLE = Automatic;
				CURRENT_PROJECT_VERSION = 1;
				DEVELOPMENT_TEAM = 7S5KXF68WA;
				GENERATE_INFOPLIST_FILE = YES;
				INFOPLIST_FILE = "project one UIKit/Info.plist";
				INFOPLIST_KEY_UIApplicationSupportsIndirectInputEvents = YES;
				INFOPLIST_KEY_UILaunchStoryboardName = LaunchScreen;
				INFOPLIST_KEY_UIMainStoryboardFile = Main;
				INFOPLIST_KEY_UISupportedInterfaceOrientations_iPad = "UIInterfaceOrientationPortrait UIInterfaceOrientationPortraitUpsideDown UIInterfaceOrientationLandscapeLeft UIInterfaceOrientationLandscapeRight";
				INFOPLIST_KEY_UISupportedInterfaceOrientations_iPhone = "UIInterfaceOrientationPortrait UIInterfaceOrientationLandscapeLeft UIInterfaceOrientationLandscapeRight";
				LD_RUNPATH_SEARCH_PATHS = (
					"$(inherited)",
					"@executable_path/Frameworks",
				);
				MARKETING_VERSION = 1.0;
				PRODUCT_BUNDLE_IDENTIFIER = "Ash.project-one-UIKit";
				PRODUCT_NAME = "$(TARGET_NAME)";
				SWIFT_EMIT_LOC_STRINGS = YES;
				SWIFT_VERSION = 5.0;
				TARGETED_DEVICE_FAMILY = "1,2";
			};
			name = Debug;
		};
		32939FFA2A30F61700D3FC5D /* Release */ = {
			isa = XCBuildConfiguration;
			buildSettings = {
				ASSETCATALOG_COMPILER_APPICON_NAME = AppIcon;
				ASSETCATALOG_COMPILER_GLOBAL_ACCENT_COLOR_NAME = AccentColor;
				CODE_SIGN_STYLE = Automatic;
				CURRENT_PROJECT_VERSION = 1;
				DEVELOPMENT_TEAM = 7S5KXF68WA;
				GENERATE_INFOPLIST_FILE = YES;
				INFOPLIST_FILE = "project one UIKit/Info.plist";
				INFOPLIST_KEY_UIApplicationSupportsIndirectInputEvents = YES;
				INFOPLIST_KEY_UILaunchStoryboardName = LaunchScreen;
				INFOPLIST_KEY_UIMainStoryboardFile = Main;
				INFOPLIST_KEY_UISupportedInterfaceOrientations_iPad = "UIInterfaceOrientationPortrait UIInterfaceOrientationPortraitUpsideDown UIInterfaceOrientationLandscapeLeft UIInterfaceOrientationLandscapeRight";
				INFOPLIST_KEY_UISupportedInterfaceOrientations_iPhone = "UIInterfaceOrientationPortrait UIInterfaceOrientationLandscapeLeft UIInterfaceOrientationLandscapeRight";
				LD_RUNPATH_SEARCH_PATHS = (
					"$(inherited)",
					"@executable_path/Frameworks",
				);
				MARKETING_VERSION = 1.0;
				PRODUCT_BUNDLE_IDENTIFIER = "Ash.project-one-UIKit";
				PRODUCT_NAME = "$(TARGET_NAME)";
				SWIFT_EMIT_LOC_STRINGS = YES;
				SWIFT_VERSION = 5.0;
				TARGETED_DEVICE_FAMILY = "1,2";
			};
			name = Release;
		};
		32939FFC2A30F61700D3FC5D /* Debug */ = {
			isa = XCBuildConfiguration;
			buildSettings = {
				ALWAYS_EMBED_SWIFT_STANDARD_LIBRARIES = YES;
				BUNDLE_LOADER = "$(TEST_HOST)";
				CODE_SIGN_STYLE = Automatic;
				CURRENT_PROJECT_VERSION = 1;
				DEVELOPMENT_TEAM = 7S5KXF68WA;
				GENERATE_INFOPLIST_FILE = YES;
				IPHONEOS_DEPLOYMENT_TARGET = 16.4;
				MARKETING_VERSION = 1.0;
				PRODUCT_BUNDLE_IDENTIFIER = "Ash.project-one-UIKitTests";
				PRODUCT_NAME = "$(TARGET_NAME)";
				SWIFT_EMIT_LOC_STRINGS = NO;
				SWIFT_VERSION = 5.0;
				TARGETED_DEVICE_FAMILY = "1,2";
				TEST_HOST = "$(BUILT_PRODUCTS_DIR)/project one UIKit.app/$(BUNDLE_EXECUTABLE_FOLDER_PATH)/project one UIKit";
			};
			name = Debug;
		};
		32939FFD2A30F61700D3FC5D /* Release */ = {
			isa = XCBuildConfiguration;
			buildSettings = {
				ALWAYS_EMBED_SWIFT_STANDARD_LIBRARIES = YES;
				BUNDLE_LOADER = "$(TEST_HOST)";
				CODE_SIGN_STYLE = Automatic;
				CURRENT_PROJECT_VERSION = 1;
				DEVELOPMENT_TEAM = 7S5KXF68WA;
				GENERATE_INFOPLIST_FILE = YES;
				IPHONEOS_DEPLOYMENT_TARGET = 16.4;
				MARKETING_VERSION = 1.0;
				PRODUCT_BUNDLE_IDENTIFIER = "Ash.project-one-UIKitTests";
				PRODUCT_NAME = "$(TARGET_NAME)";
				SWIFT_EMIT_LOC_STRINGS = NO;
				SWIFT_VERSION = 5.0;
				TARGETED_DEVICE_FAMILY = "1,2";
				TEST_HOST = "$(BUILT_PRODUCTS_DIR)/project one UIKit.app/$(BUNDLE_EXECUTABLE_FOLDER_PATH)/project one UIKit";
			};
			name = Release;
		};
		32939FFF2A30F61700D3FC5D /* Debug */ = {
			isa = XCBuildConfiguration;
			buildSettings = {
				ALWAYS_EMBED_SWIFT_STANDARD_LIBRARIES = YES;
				CODE_SIGN_STYLE = Automatic;
				CURRENT_PROJECT_VERSION = 1;
				DEVELOPMENT_TEAM = 7S5KXF68WA;
				GENERATE_INFOPLIST_FILE = YES;
				MARKETING_VERSION = 1.0;
				PRODUCT_BUNDLE_IDENTIFIER = "Ash.project-one-UIKitUITests";
				PRODUCT_NAME = "$(TARGET_NAME)";
				SWIFT_EMIT_LOC_STRINGS = NO;
				SWIFT_VERSION = 5.0;
				TARGETED_DEVICE_FAMILY = "1,2";
				TEST_TARGET_NAME = "project one UIKit";
			};
			name = Debug;
		};
		3293A0002A30F61700D3FC5D /* Release */ = {
			isa = XCBuildConfiguration;
			buildSettings = {
				ALWAYS_EMBED_SWIFT_STANDARD_LIBRARIES = YES;
				CODE_SIGN_STYLE = Automatic;
				CURRENT_PROJECT_VERSION = 1;
				DEVELOPMENT_TEAM = 7S5KXF68WA;
				GENERATE_INFOPLIST_FILE = YES;
				MARKETING_VERSION = 1.0;
				PRODUCT_BUNDLE_IDENTIFIER = "Ash.project-one-UIKitUITests";
				PRODUCT_NAME = "$(TARGET_NAME)";
				SWIFT_EMIT_LOC_STRINGS = NO;
				SWIFT_VERSION = 5.0;
				TARGETED_DEVICE_FAMILY = "1,2";
				TEST_TARGET_NAME = "project one UIKit";
			};
			name = Release;
		};
/* End XCBuildConfiguration section */

/* Begin XCConfigurationList section */
		32939FC92A30F61600D3FC5D /* Build configuration list for PBXProject "project one UIKit" */ = {
			isa = XCConfigurationList;
			buildConfigurations = (
				32939FF62A30F61700D3FC5D /* Debug */,
				32939FF72A30F61700D3FC5D /* Release */,
			);
			defaultConfigurationIsVisible = 0;
			defaultConfigurationName = Release;
		};
		32939FF82A30F61700D3FC5D /* Build configuration list for PBXNativeTarget "project one UIKit" */ = {
			isa = XCConfigurationList;
			buildConfigurations = (
				32939FF92A30F61700D3FC5D /* Debug */,
				32939FFA2A30F61700D3FC5D /* Release */,
			);
			defaultConfigurationIsVisible = 0;
			defaultConfigurationName = Release;
		};
		32939FFB2A30F61700D3FC5D /* Build configuration list for PBXNativeTarget "project one UIKitTests" */ = {
			isa = XCConfigurationList;
			buildConfigurations = (
				32939FFC2A30F61700D3FC5D /* Debug */,
				32939FFD2A30F61700D3FC5D /* Release */,
			);
			defaultConfigurationIsVisible = 0;
			defaultConfigurationName = Release;
		};
		32939FFE2A30F61700D3FC5D /* Build configuration list for PBXNativeTarget "project one UIKitUITests" */ = {
			isa = XCConfigurationList;
			buildConfigurations = (
				32939FFF2A30F61700D3FC5D /* Debug */,
				3293A0002A30F61700D3FC5D /* Release */,
			);
			defaultConfigurationIsVisible = 0;
			defaultConfigurationName = Release;
		};
/* End XCConfigurationList section */
	};
	rootObject = 32939FC62A30F61600D3FC5D /* Project object */;
}
